{
  "requires": true,
  "lockfileVersion": 1,
  "dependencies": {
    "@types/ckeditor": {
      "version": "4.9.0",
      "resolved": "https://registry.npmjs.org/@types/ckeditor/-/ckeditor-4.9.0.tgz",
      "integrity": "sha512-b8Ik/zQHd7Yl2juyHaMXVMfp2/sP70iLFTFoe1jt53UyrwOQAUQOhdQ5quoblUERvgG3+PCiti7DuJUFrlAtYg=="
    },
    "@types/highlight.js": {
      "version": "9.12.3",
      "resolved": "https://registry.npmjs.org/@types/highlight.js/-/highlight.js-9.12.3.tgz",
      "integrity": "sha512-pGF/zvYOACZ/gLGWdQH8zSwteQS1epp68yRcVLJMgUck/MjEn/FBYmPub9pXT8C1e4a8YZfHo1CKyV8q1vKUnQ=="
    }
  }
}
